
Microsoft Visual Studio Solution File, Format Version 12.00
# Visual Studio Version 17
VisualStudioVersion = 17.1.32421.90
MinimumVisualStudioVersion = 10.0.40219.1
Project("{FAE04EC0-301F-11D3-BF4B-00C04F79EFBC}") = "BelazCP", "BelazCP\BelazCP.csproj", "{F62F03DC-544B-4298-930F-1C1E4CEF494A}"
EndProject
Global
	GlobalSection(SolutionConfigurationPlatforms) = preSolution
		Debug|Any CPU = Debug|Any CPU
		Release|Any CPU = Release|Any CPU
	EndGlobalSection
	GlobalSection(ProjectConfigurationPlatforms) = postSolution
		{F62F03DC-544B-4298-930F-1C1E4CEF494A}.Debug|Any CPU.ActiveCfg = Debug|Any CPU
		{F62F03DC-544B-4298-930F-1C1E4CEF494A}.Debug|Any CPU.Build.0 = Debug|Any CPU
		{F62F03DC-544B-4298-930F-1C1E4CEF494A}.Release|Any CPU.ActiveCfg = Release|Any CPU
		{F62F03DC-544B-4298-930F-1C1E4CEF494A}.Release|Any CPU.Build.0 = Release|Any CPU
	EndGlobalSection
	GlobalSection(SolutionProperties) = preSolution
		HideSolutionNode = FALSE
	EndGlobalSection
	GlobalSection(ExtensibilityGlobals) = postSolution
		SolutionGuid = {3EEA74FD-39FE-4AD6-B0AF-FFCFCBFEC967}
	EndGlobalSection
EndGlobal
